
Microsoft Visual Studio Solution File, Format Version 12.00
# Visual Studio Version 17
VisualStudioVersion = 17.0.31903.59
MinimumVisualStudioVersion = 10.0.40219.1
Project("{2150E333-8FDC-42A3-9474-1A3956D46DE8}") = "shared", "shared", "{4F52FD11-658E-A102-6CD3-7D7C16FFA15B}"
EndProject
Project("{FAE04EC0-301F-11D3-BF4B-00C04F79EFBC}") = "BuildingBlocks", "shared\BuildingBlocks\BuildingBlocks.csproj", "{29954E94-A8FC-4D1F-B3ED-C5A43F2395D0}"
EndProject
Project("{2150E333-8FDC-42A3-9474-1A3956D46DE8}") = "gateway", "gateway", "{E7BDDBC6-9FD1-D1D7-ACD8-2C4F8E3D2461}"
EndProject
Project("{FAE04EC0-301F-11D3-BF4B-00C04F79EFBC}") = "ApiGateway", "gateway\ApiGateway\ApiGateway.csproj", "{441CB2BC-5555-4EB6-A929-C914BD2F9B25}"
EndProject
Project("{2150E333-8FDC-42A3-9474-1A3956D46DE8}") = "services", "services", "{5854FF58-B8C5-05C6-5BF2-ACE42193F22B}"
EndProject
Project("{2150E333-8FDC-42A3-9474-1A3956D46DE8}") = "Identity", "Identity", "{357A7C97-5AE1-023F-1442-0D9F9AF22A31}"
EndProject
Project("{FAE04EC0-301F-11D3-BF4B-00C04F79EFBC}") = "Identity.API", "services\Identity\Identity.API\Identity.API.csproj", "{907AA988-622C-4838-9764-2C9F4D9143E3}"
EndProject
Project("{2150E333-8FDC-42A3-9474-1A3956D46DE8}") = "Catalog", "Catalog", "{944ACC7E-4FFC-A2A2-09E1-98A62C66F8DB}"
EndProject
Project("{FAE04EC0-301F-11D3-BF4B-00C04F79EFBC}") = "Catalog.API", "services\Catalog\Catalog.API\Catalog.API.csproj", "{B22FF54C-2D33-412E-8DAC-14A26802E161}"
EndProject
Project("{2150E333-8FDC-42A3-9474-1A3956D46DE8}") = "Cart", "Cart", "{BFF4F4B7-12C1-5B2E-7DAD-E792A8E8C1A7}"
EndProject
Project("{FAE04EC0-301F-11D3-BF4B-00C04F79EFBC}") = "Cart.API", "services\Cart\Cart.API\Cart.API.csproj", "{74B6718D-C14D-4C6C-B2DF-45B8D95D533C}"
EndProject
Project("{2150E333-8FDC-42A3-9474-1A3956D46DE8}") = "Inventory", "Inventory", "{E968773F-A3F0-8B5A-CFB8-BE121AA8E63F}"
EndProject
Project("{FAE04EC0-301F-11D3-BF4B-00C04F79EFBC}") = "Inventory.API", "services\Inventory\Inventory.API\Inventory.API.csproj", "{27CA8101-1139-4CF6-8325-8BD60801B165}"
EndProject
Project("{2150E333-8FDC-42A3-9474-1A3956D46DE8}") = "Order", "Order", "{A7F1EA75-F84F-EDAA-1156-120873BE27D5}"
EndProject
Project("{FAE04EC0-301F-11D3-BF4B-00C04F79EFBC}") = "Order.API", "services\Order\Order.API\Order.API.csproj", "{E5DE8157-A2DD-4EFC-AC5D-83D74822DA47}"
EndProject
Project("{2150E333-8FDC-42A3-9474-1A3956D46DE8}") = "Payment", "Payment", "{714CC2AF-245C-D6B1-E117-A1157E62AF44}"
EndProject
Project("{FAE04EC0-301F-11D3-BF4B-00C04F79EFBC}") = "Payment.API", "services\Payment\Payment.API\Payment.API.csproj", "{36D28AA6-4EEF-4658-8A3A-53A942068C51}"
EndProject
Project("{2150E333-8FDC-42A3-9474-1A3956D46DE8}") = "Notification", "Notification", "{06470F13-D646-4954-ED4A-FA216054436A}"
EndProject
Project("{FAE04EC0-301F-11D3-BF4B-00C04F79EFBC}") = "Notification.API", "services\Notification\Notification.API\Notification.API.csproj", "{F66659D6-554C-4739-9FCE-71AF1FF98EC7}"
EndProject
Global
	GlobalSection(SolutionConfigurationPlatforms) = preSolution
		Debug|Any CPU = Debug|Any CPU
		Debug|x64 = Debug|x64
		Debug|x86 = Debug|x86
		Release|Any CPU = Release|Any CPU
		Release|x64 = Release|x64
		Release|x86 = Release|x86
	EndGlobalSection
	GlobalSection(ProjectConfigurationPlatforms) = postSolution
		{29954E94-A8FC-4D1F-B3ED-C5A43F2395D0}.Debug|Any CPU.ActiveCfg = Debug|Any CPU
		{29954E94-A8FC-4D1F-B3ED-C5A43F2395D0}.Debug|Any CPU.Build.0 = Debug|Any CPU
		{29954E94-A8FC-4D1F-B3ED-C5A43F2395D0}.Debug|x64.ActiveCfg = Debug|Any CPU
		{29954E94-A8FC-4D1F-B3ED-C5A43F2395D0}.Debug|x64.Build.0 = Debug|Any CPU
		{29954E94-A8FC-4D1F-B3ED-C5A43F2395D0}.Debug|x86.ActiveCfg = Debug|Any CPU
		{29954E94-A8FC-4D1F-B3ED-C5A43F2395D0}.Debug|x86.Build.0 = Debug|Any CPU
		{29954E94-A8FC-4D1F-B3ED-C5A43F2395D0}.Release|Any CPU.ActiveCfg = Release|Any CPU
		{29954E94-A8FC-4D1F-B3ED-C5A43F2395D0}.Release|Any CPU.Build.0 = Release|Any CPU
		{29954E94-A8FC-4D1F-B3ED-C5A43F2395D0}.Release|x64.ActiveCfg = Release|Any CPU
		{29954E94-A8FC-4D1F-B3ED-C5A43F2395D0}.Release|x64.Build.0 = Release|Any CPU
		{29954E94-A8FC-4D1F-B3ED-C5A43F2395D0}.Release|x86.ActiveCfg = Release|Any CPU
		{29954E94-A8FC-4D1F-B3ED-C5A43F2395D0}.Release|x86.Build.0 = Release|Any CPU
		{441CB2BC-5555-4EB6-A929-C914BD2F9B25}.Debug|Any CPU.ActiveCfg = Debug|Any CPU
		{441CB2BC-5555-4EB6-A929-C914BD2F9B25}.Debug|Any CPU.Build.0 = Debug|Any CPU
		{441CB2BC-5555-4EB6-A929-C914BD2F9B25}.Debug|x64.ActiveCfg = Debug|Any CPU
		{441CB2BC-5555-4EB6-A929-C914BD2F9B25}.Debug|x64.Build.0 = Debug|Any CPU
		{441CB2BC-5555-4EB6-A929-C914BD2F9B25}.Debug|x86.ActiveCfg = Debug|Any CPU
		{441CB2BC-5555-4EB6-A929-C914BD2F9B25}.Debug|x86.Build.0 = Debug|Any CPU
		{441CB2BC-5555-4EB6-A929-C914BD2F9B25}.Release|Any CPU.ActiveCfg = Release|Any CPU
		{441CB2BC-5555-4EB6-A929-C914BD2F9B25}.Release|Any CPU.Build.0 = Release|Any CPU
		{441CB2BC-5555-4EB6-A929-C914BD2F9B25}.Release|x64.ActiveCfg = Release|Any CPU
		{441CB2BC-5555-4EB6-A929-C914BD2F9B25}.Release|x64.Build.0 = Release|Any CPU
		{441CB2BC-5555-4EB6-A929-C914BD2F9B25}.Release|x86.ActiveCfg = Release|Any CPU
		{441CB2BC-5555-4EB6-A929-C914BD2F9B25}.Release|x86.Build.0 = Release|Any CPU
		{907AA988-622C-4838-9764-2C9F4D9143E3}.Debug|Any CPU.ActiveCfg = Debug|Any CPU
		{907AA988-622C-4838-9764-2C9F4D9143E3}.Debug|Any CPU.Build.0 = Debug|Any CPU
		{907AA988-622C-4838-9764-2C9F4D9143E3}.Debug|x64.ActiveCfg = Debug|Any CPU
		{907AA988-622C-4838-9764-2C9F4D9143E3}.Debug|x64.Build.0 = Debug|Any CPU
		{907AA988-622C-4838-9764-2C9F4D9143E3}.Debug|x86.ActiveCfg = Debug|Any CPU
		{907AA988-622C-4838-9764-2C9F4D9143E3}.Debug|x86.Build.0 = Debug|Any CPU
		{907AA988-622C-4838-9764-2C9F4D9143E3}.Release|Any CPU.ActiveCfg = Release|Any CPU
		{907AA988-622C-4838-9764-2C9F4D9143E3}.Release|Any CPU.Build.0 = Release|Any CPU
		{907AA988-622C-4838-9764-2C9F4D9143E3}.Release|x64.ActiveCfg = Release|Any CPU
		{907AA988-622C-4838-9764-2C9F4D9143E3}.Release|x64.Build.0 = Release|Any CPU
		{907AA988-622C-4838-9764-2C9F4D9143E3}.Release|x86.ActiveCfg = Release|Any CPU
		{907AA988-622C-4838-9764-2C9F4D9143E3}.Release|x86.Build.0 = Release|Any CPU
		{B22FF54C-2D33-412E-8DAC-14A26802E161}.Debug|Any CPU.ActiveCfg = Debug|Any CPU
		{B22FF54C-2D33-412E-8DAC-14A26802E161}.Debug|Any CPU.Build.0 = Debug|Any CPU
		{B22FF54C-2D33-412E-8DAC-14A26802E161}.Debug|x64.ActiveCfg = Debug|Any CPU
		{B22FF54C-2D33-412E-8DAC-14A26802E161}.Debug|x64.Build.0 = Debug|Any CPU
		{B22FF54C-2D33-412E-8DAC-14A26802E161}.Debug|x86.ActiveCfg = Debug|Any CPU
		{B22FF54C-2D33-412E-8DAC-14A26802E161}.Debug|x86.Build.0 = Debug|Any CPU
		{B22FF54C-2D33-412E-8DAC-14A26802E161}.Release|Any CPU.ActiveCfg = Release|Any CPU
		{B22FF54C-2D33-412E-8DAC-14A26802E161}.Release|Any CPU.Build.0 = Release|Any CPU
		{B22FF54C-2D33-412E-8DAC-14A26802E161}.Release|x64.ActiveCfg = Release|Any CPU
		{B22FF54C-2D33-412E-8DAC-14A26802E161}.Release|x64.Build.0 = Release|Any CPU
		{B22FF54C-2D33-412E-8DAC-14A26802E161}.Release|x86.ActiveCfg = Release|Any CPU
		{B22FF54C-2D33-412E-8DAC-14A26802E161}.Release|x86.Build.0 = Release|Any CPU
		{74B6718D-C14D-4C6C-B2DF-45B8D95D533C}.Debug|Any CPU.ActiveCfg = Debug|Any CPU
		{74B6718D-C14D-4C6C-B2DF-45B8D95D533C}.Debug|Any CPU.Build.0 = Debug|Any CPU
		{74B6718D-C14D-4C6C-B2DF-45B8D95D533C}.Debug|x64.ActiveCfg = Debug|Any CPU
		{74B6718D-C14D-4C6C-B2DF-45B8D95D533C}.Debug|x64.Build.0 = Debug|Any CPU
		{74B6718D-C14D-4C6C-B2DF-45B8D95D533C}.Debug|x86.ActiveCfg = Debug|Any CPU
		{74B6718D-C14D-4C6C-B2DF-45B8D95D533C}.Debug|x86.Build.0 = Debug|Any CPU
		{74B6718D-C14D-4C6C-B2DF-45B8D95D533C}.Release|Any CPU.ActiveCfg = Release|Any CPU
		{74B6718D-C14D-4C6C-B2DF-45B8D95D533C}.Release|Any CPU.Build.0 = Release|Any CPU
		{74B6718D-C14D-4C6C-B2DF-45B8D95D533C}.Release|x64.ActiveCfg = Release|Any CPU
		{74B6718D-C14D-4C6C-B2DF-45B8D95D533C}.Release|x64.Build.0 = Release|Any CPU
		{74B6718D-C14D-4C6C-B2DF-45B8D95D533C}.Release|x86.ActiveCfg = Release|Any CPU
		{74B6718D-C14D-4C6C-B2DF-45B8D95D533C}.Release|x86.Build.0 = Release|Any CPU
		{27CA8101-1139-4CF6-8325-8BD60801B165}.Debug|Any CPU.ActiveCfg = Debug|Any CPU
		{27CA8101-1139-4CF6-8325-8BD60801B165}.Debug|Any CPU.Build.0 = Debug|Any CPU
		{27CA8101-1139-4CF6-8325-8BD60801B165}.Debug|x64.ActiveCfg = Debug|Any CPU
		{27CA8101-1139-4CF6-8325-8BD60801B165}.Debug|x64.Build.0 = Debug|Any CPU
		{27CA8101-1139-4CF6-8325-8BD60801B165}.Debug|x86.ActiveCfg = Debug|Any CPU
		{27CA8101-1139-4CF6-8325-8BD60801B165}.Debug|x86.Build.0 = Debug|Any CPU
		{27CA8101-1139-4CF6-8325-8BD60801B165}.Release|Any CPU.ActiveCfg = Release|Any CPU
		{27CA8101-1139-4CF6-8325-8BD60801B165}.Release|Any CPU.Build.0 = Release|Any CPU
		{27CA8101-1139-4CF6-8325-8BD60801B165}.Release|x64.ActiveCfg = Release|Any CPU
		{27CA8101-1139-4CF6-8325-8BD60801B165}.Release|x64.Build.0 = Release|Any CPU
		{27CA8101-1139-4CF6-8325-8BD60801B165}.Release|x86.ActiveCfg = Release|Any CPU
		{27CA8101-1139-4CF6-8325-8BD60801B165}.Release|x86.Build.0 = Release|Any CPU
		{E5DE8157-A2DD-4EFC-AC5D-83D74822DA47}.Debug|Any CPU.ActiveCfg = Debug|Any CPU
		{E5DE8157-A2DD-4EFC-AC5D-83D74822DA47}.Debug|Any CPU.Build.0 = Debug|Any CPU
		{E5DE8157-A2DD-4EFC-AC5D-83D74822DA47}.Debug|x64.ActiveCfg = Debug|Any CPU
		{E5DE8157-A2DD-4EFC-AC5D-83D74822DA47}.Debug|x64.Build.0 = Debug|Any CPU
		{E5DE8157-A2DD-4EFC-AC5D-83D74822DA47}.Debug|x86.ActiveCfg = Debug|Any CPU
		{E5DE8157-A2DD-4EFC-AC5D-83D74822DA47}.Debug|x86.Build.0 = Debug|Any CPU
		{E5DE8157-A2DD-4EFC-AC5D-83D74822DA47}.Release|Any CPU.ActiveCfg = Release|Any CPU
		{E5DE8157-A2DD-4EFC-AC5D-83D74822DA47}.Release|Any CPU.Build.0 = Release|Any CPU
		{E5DE8157-A2DD-4EFC-AC5D-83D74822DA47}.Release|x64.ActiveCfg = Release|Any CPU
		{E5DE8157-A2DD-4EFC-AC5D-83D74822DA47}.Release|x64.Build.0 = Release|Any CPU
		{E5DE8157-A2DD-4EFC-AC5D-83D74822DA47}.Release|x86.ActiveCfg = Release|Any CPU
		{E5DE8157-A2DD-4EFC-AC5D-83D74822DA47}.Release|x86.Build.0 = Release|Any CPU
		{36D28AA6-4EEF-4658-8A3A-53A942068C51}.Debug|Any CPU.ActiveCfg = Debug|Any CPU
		{36D28AA6-4EEF-4658-8A3A-53A942068C51}.Debug|Any CPU.Build.0 = Debug|Any CPU
		{36D28AA6-4EEF-4658-8A3A-53A942068C51}.Debug|x64.ActiveCfg = Debug|Any CPU
		{36D28AA6-4EEF-4658-8A3A-53A942068C51}.Debug|x64.Build.0 = Debug|Any CPU
		{36D28AA6-4EEF-4658-8A3A-53A942068C51}.Debug|x86.ActiveCfg = Debug|Any CPU
		{36D28AA6-4EEF-4658-8A3A-53A942068C51}.Debug|x86.Build.0 = Debug|Any CPU
		{36D28AA6-4EEF-4658-8A3A-53A942068C51}.Release|Any CPU.ActiveCfg = Release|Any CPU
		{36D28AA6-4EEF-4658-8A3A-53A942068C51}.Release|Any CPU.Build.0 = Release|Any CPU
		{36D28AA6-4EEF-4658-8A3A-53A942068C51}.Release|x64.ActiveCfg = Release|Any CPU
		{36D28AA6-4EEF-4658-8A3A-53A942068C51}.Release|x64.Build.0 = Release|Any CPU
		{36D28AA6-4EEF-4658-8A3A-53A942068C51}.Release|x86.ActiveCfg = Release|Any CPU
		{36D28AA6-4EEF-4658-8A3A-53A942068C51}.Release|x86.Build.0 = Release|Any CPU
		{F66659D6-554C-4739-9FCE-71AF1FF98EC7}.Debug|Any CPU.ActiveCfg = Debug|Any CPU
		{F66659D6-554C-4739-9FCE-71AF1FF98EC7}.Debug|Any CPU.Build.0 = Debug|Any CPU
		{F66659D6-554C-4739-9FCE-71AF1FF98EC7}.Debug|x64.ActiveCfg = Debug|Any CPU
		{F66659D6-554C-4739-9FCE-71AF1FF98EC7}.Debug|x64.Build.0 = Debug|Any CPU
		{F66659D6-554C-4739-9FCE-71AF1FF98EC7}.Debug|x86.ActiveCfg = Debug|Any CPU
		{F66659D6-554C-4739-9FCE-71AF1FF98EC7}.Debug|x86.Build.0 = Debug|Any CPU
		{F66659D6-554C-4739-9FCE-71AF1FF98EC7}.Release|Any CPU.ActiveCfg = Release|Any CPU
		{F66659D6-554C-4739-9FCE-71AF1FF98EC7}.Release|Any CPU.Build.0 = Release|Any CPU
		{F66659D6-554C-4739-9FCE-71AF1FF98EC7}.Release|x64.ActiveCfg = Release|Any CPU
		{F66659D6-554C-4739-9FCE-71AF1FF98EC7}.Release|x64.Build.0 = Release|Any CPU
		{F66659D6-554C-4739-9FCE-71AF1FF98EC7}.Release|x86.ActiveCfg = Release|Any CPU
		{F66659D6-554C-4739-9FCE-71AF1FF98EC7}.Release|x86.Build.0 = Release|Any CPU
	EndGlobalSection
	GlobalSection(SolutionProperties) = preSolution
		HideSolutionNode = FALSE
	EndGlobalSection
	GlobalSection(NestedProjects) = preSolution
		{29954E94-A8FC-4D1F-B3ED-C5A43F2395D0} = {4F52FD11-658E-A102-6CD3-7D7C16FFA15B}
		{441CB2BC-5555-4EB6-A929-C914BD2F9B25} = {E7BDDBC6-9FD1-D1D7-ACD8-2C4F8E3D2461}
		{357A7C97-5AE1-023F-1442-0D9F9AF22A31} = {5854FF58-B8C5-05C6-5BF2-ACE42193F22B}
		{907AA988-622C-4838-9764-2C9F4D9143E3} = {357A7C97-5AE1-023F-1442-0D9F9AF22A31}
		{944ACC7E-4FFC-A2A2-09E1-98A62C66F8DB} = {5854FF58-B8C5-05C6-5BF2-ACE42193F22B}
		{B22FF54C-2D33-412E-8DAC-14A26802E161} = {944ACC7E-4FFC-A2A2-09E1-98A62C66F8DB}
		{BFF4F4B7-12C1-5B2E-7DAD-E792A8E8C1A7} = {5854FF58-B8C5-05C6-5BF2-ACE42193F22B}
		{74B6718D-C14D-4C6C-B2DF-45B8D95D533C} = {BFF4F4B7-12C1-5B2E-7DAD-E792A8E8C1A7}
		{E968773F-A3F0-8B5A-CFB8-BE121AA8E63F} = {5854FF58-B8C5-05C6-5BF2-ACE42193F22B}
		{27CA8101-1139-4CF6-8325-8BD60801B165} = {E968773F-A3F0-8B5A-CFB8-BE121AA8E63F}
		{A7F1EA75-F84F-EDAA-1156-120873BE27D5} = {5854FF58-B8C5-05C6-5BF2-ACE42193F22B}
		{E5DE8157-A2DD-4EFC-AC5D-83D74822DA47} = {A7F1EA75-F84F-EDAA-1156-120873BE27D5}
		{714CC2AF-245C-D6B1-E117-A1157E62AF44} = {5854FF58-B8C5-05C6-5BF2-ACE42193F22B}
		{36D28AA6-4EEF-4658-8A3A-53A942068C51} = {714CC2AF-245C-D6B1-E117-A1157E62AF44}
		{06470F13-D646-4954-ED4A-FA216054436A} = {5854FF58-B8C5-05C6-5BF2-ACE42193F22B}
		{F66659D6-554C-4739-9FCE-71AF1FF98EC7} = {06470F13-D646-4954-ED4A-FA216054436A}
	EndGlobalSection
EndGlobal
